
Microsoft Visual Studio Solution File, Format Version 12.00
# Visual Studio Version 17
VisualStudioVersion = 17.5.002.0
MinimumVisualStudioVersion = 10.0.40219.1
Project("{9A19103F-16F7-4668-BE54-9A1E7A4F7556}") = "WebAPI", "WebAPI\WebAPI.csproj", "{1560F0AF-C52D-4420-8D61-FD0B01A9EEE7}"
EndProject
Global
	GlobalSection(SolutionConfigurationPlatforms) = preSolution
		Debug|Any CPU = Debug|Any CPU
		Release|Any CPU = Release|Any CPU
	EndGlobalSection
	GlobalSection(ProjectConfigurationPlatforms) = postSolution
		{1560F0AF-C52D-4420-8D61-FD0B01A9EEE7}.Debug|Any CPU.ActiveCfg = Debug|Any CPU
		{1560F0AF-C52D-4420-8D61-FD0B01A9EEE7}.Debug|Any CPU.Build.0 = Debug|Any CPU
		{1560F0AF-C52D-4420-8D61-FD0B01A9EEE7}.Release|Any CPU.ActiveCfg = Release|Any CPU
		{1560F0AF-C52D-4420-8D61-FD0B01A9EEE7}.Release|Any CPU.Build.0 = Release|Any CPU
	EndGlobalSection
	GlobalSection(SolutionProperties) = preSolution
		HideSolutionNode = FALSE
	EndGlobalSection
	GlobalSection(ExtensibilityGlobals) = postSolution
		SolutionGuid = {B08A6357-7412-4DFA-A5B6-8727B29EEF84}
	EndGlobalSection
EndGlobal
